// !$*UTF8*$!
{
	archiveVersion = 1;
	classes = {
	};
	objectVersion = 77;
	objects = {

/* Begin PBXBuildFile section */
		3B0684A52DB9D8FF00F703A6 /* RealmSwift in Frameworks */ = {isa = PBXBuildFile; productRef = 3B0684A42DB9D8FF00F703A6 /* RealmSwift */; };
		3B1418372DB778E7006D41FE /* RealmSwift in Frameworks */ = {isa = PBXBuildFile; productRef = 3B1418362DB778E7006D41FE /* RealmSwift */; };
		3B1418382DB77954006D41FE /* RealmSwift in Embed Frameworks */ = {isa = PBXBuildFile; productRef = 3B1418362DB778E7006D41FE /* RealmSwift */; settings = {ATTRIBUTES = (CodeSignOnCopy, ); }; };
		3B141A1B2DB8A30A006D41FE /* RealmSwift in Frameworks */ = {isa = PBXBuildFile; productRef = 3B141A1A2DB8A30A006D41FE /* RealmSwift */; };
		575BCBD3AE7DDEA5D678195C /* Pods_SwiftUI_0325.framework in Frameworks */ = {isa = PBXBuildFile; fileRef = 5DB7CEDE3140B44692851375 /* Pods_SwiftUI_0325.framework */; };
		8B4B7E4C2EC3E012F43F1401 /* Pods_SwiftUI_0325_SwiftUI_0325UITests.framework in Frameworks */ = {isa = PBXBuildFile; fileRef = 21343739A14FEAC80CE69482 /* Pods_SwiftUI_0325_SwiftUI_0325UITests.framework */; };
		EAB93D9CC8F9EBFD7A939AF3 /* Pods_SwiftUI_0325Tests.framework in Frameworks */ = {isa = PBXBuildFile; fileRef = 50DB9DBF876112F6730E18F2 /* Pods_SwiftUI_0325Tests.framework */; };
/* End PBXBuildFile section */

/* Begin PBXContainerItemProxy section */
		3B55687F2D939DB500D18433 /* PBXContainerItemProxy */ = {
			isa = PBXContainerItemProxy;
			containerPortal = 3B5568662D939DB200D18433 /* Project object */;
			proxyType = 1;
			remoteGlobalIDString = 3B55686D2D939DB200D18433;
			remoteInfo = SwiftUI_0325;
		};
		3B5568892D939DB500D18433 /* PBXContainerItemProxy */ = {
			isa = PBXContainerItemProxy;
			containerPortal = 3B5568662D939DB200D18433 /* Project object */;
			proxyType = 1;
			remoteGlobalIDString = 3B55686D2D939DB200D18433;
			remoteInfo = SwiftUI_0325;
		};
/* End PBXContainerItemProxy section */

/* Begin PBXCopyFilesBuildPhase section */
		3B1418392DB77954006D41FE /* Embed Frameworks */ = {
			isa = PBXCopyFilesBuildPhase;
			buildActionMask = 2147483647;
			dstPath = "";
			dstSubfolderSpec = 10;
			files = (
				3B1418382DB77954006D41FE /* RealmSwift in Embed Frameworks */,
			);
			name = "Embed Frameworks";
			runOnlyForDeploymentPostprocessing = 0;
		};
/* End PBXCopyFilesBuildPhase section */

/* Begin PBXFileReference section */
		159F472FEE54665CC58BB22D /* Pods-SwiftUI_0325-SwiftUI_0325UITests.debug.xcconfig */ = {isa = PBXFileReference; includeInIndex = 1; lastKnownFileType = text.xcconfig; name = "Pods-SwiftUI_0325-SwiftUI_0325UITests.debug.xcconfig"; path = "Target Support Files/Pods-SwiftUI_0325-SwiftUI_0325UITests/Pods-SwiftUI_0325-SwiftUI_0325UITests.debug.xcconfig"; sourceTree = "<group>"; };
		21343739A14FEAC80CE69482 /* Pods_SwiftUI_0325_SwiftUI_0325UITests.framework */ = {isa = PBXFileReference; explicitFileType = wrapper.framework; includeInIndex = 0; path = Pods_SwiftUI_0325_SwiftUI_0325UITests.framework; sourceTree = BUILT_PRODUCTS_DIR; };
		3B0683B42DB9D4AC00F703A6 /* SwiftUI_0325.app */ = {isa = PBXFileReference; explicitFileType = wrapper.application; includeInIndex = 0; path = SwiftUI_0325.app; sourceTree = BUILT_PRODUCTS_DIR; };
		3B0683B52DB9D4AC00F703A6 /* SwiftUI_0325Tests.xctest */ = {isa = PBXFileReference; explicitFileType = wrapper.cfbundle; includeInIndex = 0; path = SwiftUI_0325Tests.xctest; sourceTree = BUILT_PRODUCTS_DIR; };
		3B0683B62DB9D4AC00F703A6 /* SwiftUI_0325UITests.xctest */ = {isa = PBXFileReference; explicitFileType = wrapper.cfbundle; includeInIndex = 0; path = SwiftUI_0325UITests.xctest; sourceTree = BUILT_PRODUCTS_DIR; };
		3E1A68C246D1561B29095109 /* Pods-SwiftUI_0325-SwiftUI_0325UITests.release.xcconfig */ = {isa = PBXFileReference; includeInIndex = 1; lastKnownFileType = text.xcconfig; name = "Pods-SwiftUI_0325-SwiftUI_0325UITests.release.xcconfig"; path = "Target Support Files/Pods-SwiftUI_0325-SwiftUI_0325UITests/Pods-SwiftUI_0325-SwiftUI_0325UITests.release.xcconfig"; sourceTree = "<group>"; };
		42850BD65BA753D46828432E /* Pods-SwiftUI_0325.debug.xcconfig */ = {isa = PBXFileReference; includeInIndex = 1; lastKnownFileType = text.xcconfig; name = "Pods-SwiftUI_0325.debug.xcconfig"; path = "Target Support Files/Pods-SwiftUI_0325/Pods-SwiftUI_0325.debug.xcconfig"; sourceTree = "<group>"; };
		50DB9DBF876112F6730E18F2 /* Pods_SwiftUI_0325Tests.framework */ = {isa = PBXFileReference; explicitFileType = wrapper.framework; includeInIndex = 0; path = Pods_SwiftUI_0325Tests.framework; sourceTree = BUILT_PRODUCTS_DIR; };
		566C585446BA7FE9E36CDAB0 /* Pods-SwiftUI_0325.release.xcconfig */ = {isa = PBXFileReference; includeInIndex = 1; lastKnownFileType = text.xcconfig; name = "Pods-SwiftUI_0325.release.xcconfig"; path = "Target Support Files/Pods-SwiftUI_0325/Pods-SwiftUI_0325.release.xcconfig"; sourceTree = "<group>"; };
		5DB7CEDE3140B44692851375 /* Pods_SwiftUI_0325.framework */ = {isa = PBXFileReference; explicitFileType = wrapper.framework; includeInIndex = 0; path = Pods_SwiftUI_0325.framework; sourceTree = BUILT_PRODUCTS_DIR; };
		7F60C9EDD055474BA1FE565B /* Pods-SwiftUI_0325Tests.debug.xcconfig */ = {isa = PBXFileReference; includeInIndex = 1; lastKnownFileType = text.xcconfig; name = "Pods-SwiftUI_0325Tests.debug.xcconfig"; path = "Target Support Files/Pods-SwiftUI_0325Tests/Pods-SwiftUI_0325Tests.debug.xcconfig"; sourceTree = "<group>"; };
		B66D9181C5E8DB9B4126B71B /* Pods-SwiftUI_0325Tests.release.xcconfig */ = {isa = PBXFileReference; includeInIndex = 1; lastKnownFileType = text.xcconfig; name = "Pods-SwiftUI_0325Tests.release.xcconfig"; path = "Target Support Files/Pods-SwiftUI_0325Tests/Pods-SwiftUI_0325Tests.release.xcconfig"; sourceTree = "<group>"; };
/* End PBXFileReference section */

/* Begin PBXFileSystemSynchronizedRootGroup section */
		3B5568702D939DB200D18433 /* SwiftUI_0325 */ = {
			isa = PBXFileSystemSynchronizedRootGroup;
			path = SwiftUI_0325;
			sourceTree = "<group>";
		};
		3B5568812D939DB500D18433 /* SwiftUI_0325Tests */ = {
			isa = PBXFileSystemSynchronizedRootGroup;
			path = SwiftUI_0325Tests;
			sourceTree = "<group>";
		};
		3B55688B2D939DB500D18433 /* SwiftUI_0325UITests */ = {
			isa = PBXFileSystemSynchronizedRootGroup;
			path = SwiftUI_0325UITests;
			sourceTree = "<group>";
		};
/* End PBXFileSystemSynchronizedRootGroup section */

/* Begin PBXFrameworksBuildPhase section */
		3B55686B2D939DB200D18433 /* Frameworks */ = {
			isa = PBXFrameworksBuildPhase;
			buildActionMask = 2147483647;
			files = (
				3B0684A52DB9D8FF00F703A6 /* RealmSwift in Frameworks */,
				3B141A1B2DB8A30A006D41FE /* RealmSwift in Frameworks */,
				3B1418372DB778E7006D41FE /* RealmSwift in Frameworks */,
				575BCBD3AE7DDEA5D678195C /* Pods_SwiftUI_0325.framework in Frameworks */,
			);
			runOnlyForDeploymentPostprocessing = 0;
		};
		3B55687B2D939DB500D18433 /* Frameworks */ = {
			isa = PBXFrameworksBuildPhase;
			buildActionMask = 2147483647;
			files = (
				EAB93D9CC8F9EBFD7A939AF3 /* Pods_SwiftUI_0325Tests.framework in Frameworks */,
			);
			runOnlyForDeploymentPostprocessing = 0;
		};
		3B5568852D939DB500D18433 /* Frameworks */ = {
			isa = PBXFrameworksBuildPhase;
			buildActionMask = 2147483647;
			files = (
				8B4B7E4C2EC3E012F43F1401 /* Pods_SwiftUI_0325_SwiftUI_0325UITests.framework in Frameworks */,
			);
			runOnlyForDeploymentPostprocessing = 0;
		};
/* End PBXFrameworksBuildPhase section */

/* Begin PBXGroup section */
		3B5568652D939DB200D18433 = {
			isa = PBXGroup;
			children = (
				3B5568702D939DB200D18433 /* SwiftUI_0325 */,
				3B5568812D939DB500D18433 /* SwiftUI_0325Tests */,
				3B55688B2D939DB500D18433 /* SwiftUI_0325UITests */,
				76ABD67E60E9D8AE8C81F9A4 /* Pods */,
				F83969D6CC582E8CF5EA43E0 /* Frameworks */,
				3B0683B42DB9D4AC00F703A6 /* SwiftUI_0325.app */,
				3B0683B52DB9D4AC00F703A6 /* SwiftUI_0325Tests.xctest */,
				3B0683B62DB9D4AC00F703A6 /* SwiftUI_0325UITests.xctest */,
			);
			sourceTree = "<group>";
		};
		76ABD67E60E9D8AE8C81F9A4 /* Pods */ = {
			isa = PBXGroup;
			children = (
				42850BD65BA753D46828432E /* Pods-SwiftUI_0325.debug.xcconfig */,
				566C585446BA7FE9E36CDAB0 /* Pods-SwiftUI_0325.release.xcconfig */,
				159F472FEE54665CC58BB22D /* Pods-SwiftUI_0325-SwiftUI_0325UITests.debug.xcconfig */,
				3E1A68C246D1561B29095109 /* Pods-SwiftUI_0325-SwiftUI_0325UITests.release.xcconfig */,
				7F60C9EDD055474BA1FE565B /* Pods-SwiftUI_0325Tests.debug.xcconfig */,
				B66D9181C5E8DB9B4126B71B /* Pods-SwiftUI_0325Tests.release.xcconfig */,
			);
			path = Pods;
			sourceTree = "<group>";
		};
		F83969D6CC582E8CF5EA43E0 /* Frameworks */ = {
			isa = PBXGroup;
			children = (
				5DB7CEDE3140B44692851375 /* Pods_SwiftUI_0325.framework */,
				21343739A14FEAC80CE69482 /* Pods_SwiftUI_0325_SwiftUI_0325UITests.framework */,
				50DB9DBF876112F6730E18F2 /* Pods_SwiftUI_0325Tests.framework */,
			);
			name = Frameworks;
			sourceTree = "<group>";
		};
/* End PBXGroup section */

/* Begin PBXNativeTarget section */
		3B55686D2D939DB200D18433 /* SwiftUI_0325 */ = {
			isa = PBXNativeTarget;
			buildConfigurationList = 3B5568922D939DB500D18433 /* Build configuration list for PBXNativeTarget "SwiftUI_0325" */;
			buildPhases = (
				CFF5CACCFDCFDDF4598D9624 /* [CP] Check Pods Manifest.lock */,
				3B55686A2D939DB200D18433 /* Sources */,
				3B55686B2D939DB200D18433 /* Frameworks */,
				3B55686C2D939DB200D18433 /* Resources */,
				3B1418392DB77954006D41FE /* Embed Frameworks */,
			);
			buildRules = (
			);
			dependencies = (
			);
			fileSystemSynchronizedGroups = (
				3B5568702D939DB200D18433 /* SwiftUI_0325 */,
			);
			name = SwiftUI_0325;
			productName = SwiftUI_0325;
			productReference = 3B0683B42DB9D4AC00F703A6 /* SwiftUI_0325.app */;
			productType = "com.apple.product-type.application";
		};
		3B55687D2D939DB500D18433 /* SwiftUI_0325Tests */ = {
			isa = PBXNativeTarget;
			buildConfigurationList = 3B5568952D939DB500D18433 /* Build configuration list for PBXNativeTarget "SwiftUI_0325Tests" */;
			buildPhases = (
				E545B3C762C808C10F9E522B /* [CP] Check Pods Manifest.lock */,
				3B55687A2D939DB500D18433 /* Sources */,
				3B55687B2D939DB500D18433 /* Frameworks */,
				3B55687C2D939DB500D18433 /* Resources */,
			);
			buildRules = (
			);
			dependencies = (
				3B5568802D939DB500D18433 /* PBXTargetDependency */,
			);
			fileSystemSynchronizedGroups = (
				3B5568812D939DB500D18433 /* SwiftUI_0325Tests */,
			);
			name = SwiftUI_0325Tests;
			productName = SwiftUI_0325Tests;
			productReference = 3B0683B52DB9D4AC00F703A6 /* SwiftUI_0325Tests.xctest */;
			productType = "com.apple.product-type.bundle.unit-test";
		};
		3B5568872D939DB500D18433 /* SwiftUI_0325UITests */ = {
			isa = PBXNativeTarget;
			buildConfigurationList = 3B5568982D939DB500D18433 /* Build configuration list for PBXNativeTarget "SwiftUI_0325UITests" */;
			buildPhases = (
				7FFD480FAEA6C9A163E1C74E /* [CP] Check Pods Manifest.lock */,
				3B5568842D939DB500D18433 /* Sources */,
				3B5568852D939DB500D18433 /* Frameworks */,
				3B5568862D939DB500D18433 /* Resources */,
			);
			buildRules = (
			);
			dependencies = (
				3B55688A2D939DB500D18433 /* PBXTargetDependency */,
			);
			fileSystemSynchronizedGroups = (
				3B55688B2D939DB500D18433 /* SwiftUI_0325UITests */,
			);
			name = SwiftUI_0325UITests;
			productName = SwiftUI_0325UITests;
			productReference = 3B0683B62DB9D4AC00F703A6 /* SwiftUI_0325UITests.xctest */;
			productType = "com.apple.product-type.bundle.ui-testing";
		};
/* End PBXNativeTarget section */

/* Begin PBXProject section */
		3B5568662D939DB200D18433 /* Project object */ = {
			isa = PBXProject;
			attributes = {
				BuildIndependentTargetsInParallel = 1;
				LastSwiftUpdateCheck = 1620;
				LastUpgradeCheck = 1620;
				TargetAttributes = {
					3B55686D2D939DB200D18433 = {
						CreatedOnToolsVersion = 16.2;
					};
					3B55687D2D939DB500D18433 = {
						CreatedOnToolsVersion = 16.2;
						TestTargetID = 3B55686D2D939DB200D18433;
					};
					3B5568872D939DB500D18433 = {
						CreatedOnToolsVersion = 16.2;
						TestTargetID = 3B55686D2D939DB200D18433;
					};
				};
			};
			buildConfigurationList = 3B5568692D939DB200D18433 /* Build configuration list for PBXProject "SwiftUI_0325" */;
			developmentRegion = en;
			hasScannedForEncodings = 0;
			knownRegions = (
				en,
				Base,
			);
			mainGroup = 3B5568652D939DB200D18433;
			minimizedProjectReferenceProxies = 1;
			packageReferences = (
				3B1418352DB778E7006D41FE /* XCRemoteSwiftPackageReference "realm-swift" */,
			);
			preferredProjectObjectVersion = 77;
			productRefGroup = 3B5568652D939DB200D18433;
			projectDirPath = "";
			projectRoot = "";
			targets = (
				3B55686D2D939DB200D18433 /* SwiftUI_0325 */,
				3B55687D2D939DB500D18433 /* SwiftUI_0325Tests */,
				3B5568872D939DB500D18433 /* SwiftUI_0325UITests */,
			);
		};
/* End PBXProject section */

/* Begin PBXResourcesBuildPhase section */
		3B55686C2D939DB200D18433 /* Resources */ = {
			isa = PBXResourcesBuildPhase;
			buildActionMask = 2147483647;
			files = (
			);
			runOnlyForDeploymentPostprocessing = 0;
		};
		3B55687C2D939DB500D18433 /* Resources */ = {
			isa = PBXResourcesBuildPhase;
			buildActionMask = 2147483647;
			files = (
			);
			runOnlyForDeploymentPostprocessing = 0;
		};
		3B5568862D939DB500D18433 /* Resources */ = {
			isa = PBXResourcesBuildPhase;
			buildActionMask = 2147483647;
			files = (
			);
			runOnlyForDeploymentPostprocessing = 0;
		};
/* End PBXResourcesBuildPhase section */

/* Begin PBXShellScriptBuildPhase section */
		7FFD480FAEA6C9A163E1C74E /* [CP] Check Pods Manifest.lock */ = {
			isa = PBXShellScriptBuildPhase;
			buildActionMask = 2147483647;
			files = (
			);
			inputFileListPaths = (
			);
			inputPaths = (
				"${PODS_PODFILE_DIR_PATH}/Podfile.lock",
				"${PODS_ROOT}/Manifest.lock",
			);
			name = "[CP] Check Pods Manifest.lock";
			outputFileListPaths = (
			);
			outputPaths = (
				"$(DERIVED_FILE_DIR)/Pods-SwiftUI_0325-SwiftUI_0325UITests-checkManifestLockResult.txt",
			);
			runOnlyForDeploymentPostprocessing = 0;
			shellPath = /bin/sh;
			shellScript = "diff \"${PODS_PODFILE_DIR_PATH}/Podfile.lock\" \"${PODS_ROOT}/Manifest.lock\" > /dev/null\nif [ $? != 0 ] ; then\n    # print error to STDERR\n    echo \"error: The sandbox is not in sync with the Podfile.lock. Run 'pod install' or update your CocoaPods installation.\" >&2\n    exit 1\nfi\n# This output is used by Xcode 'outputs' to avoid re-running this script phase.\necho \"SUCCESS\" > \"${SCRIPT_OUTPUT_FILE_0}\"\n";
			showEnvVarsInLog = 0;
		};
		CFF5CACCFDCFDDF4598D9624 /* [CP] Check Pods Manifest.lock */ = {
			isa = PBXShellScriptBuildPhase;
			buildActionMask = 2147483647;
			files = (
			);
			inputFileListPaths = (
			);
			inputPaths = (
				"${PODS_PODFILE_DIR_PATH}/Podfile.lock",
				"${PODS_ROOT}/Manifest.lock",
			);
			name = "[CP] Check Pods Manifest.lock";
			outputFileListPaths = (
			);
			outputPaths = (
				"$(DERIVED_FILE_DIR)/Pods-SwiftUI_0325-checkManifestLockResult.txt",
			);
			runOnlyForDeploymentPostprocessing = 0;
			shellPath = /bin/sh;
			shellScript = "diff \"${PODS_PODFILE_DIR_PATH}/Podfile.lock\" \"${PODS_ROOT}/Manifest.lock\" > /dev/null\nif [ $? != 0 ] ; then\n    # print error to STDERR\n    echo \"error: The sandbox is not in sync with the Podfile.lock. Run 'pod install' or update your CocoaPods installation.\" >&2\n    exit 1\nfi\n# This output is used by Xcode 'outputs' to avoid re-running this script phase.\necho \"SUCCESS\" > \"${SCRIPT_OUTPUT_FILE_0}\"\n";
			showEnvVarsInLog = 0;
		};
		E545B3C762C808C10F9E522B /* [CP] Check Pods Manifest.lock */ = {
			isa = PBXShellScriptBuildPhase;
			buildActionMask = 2147483647;
			files = (
			);
			inputFileListPaths = (
			);
			inputPaths = (
				"${PODS_PODFILE_DIR_PATH}/Podfile.lock",
				"${PODS_ROOT}/Manifest.lock",
			);
			name = "[CP] Check Pods Manifest.lock";
			outputFileListPaths = (
			);
			outputPaths = (
				"$(DERIVED_FILE_DIR)/Pods-SwiftUI_0325Tests-checkManifestLockResult.txt",
			);
			runOnlyForDeploymentPostprocessing = 0;
			shellPath = /bin/sh;
			shellScript = "diff \"${PODS_PODFILE_DIR_PATH}/Podfile.lock\" \"${PODS_ROOT}/Manifest.lock\" > /dev/null\nif [ $? != 0 ] ; then\n    # print error to STDERR\n    echo \"error: The sandbox is not in sync with the Podfile.lock. Run 'pod install' or update your CocoaPods installation.\" >&2\n    exit 1\nfi\n# This output is used by Xcode 'outputs' to avoid re-running this script phase.\necho \"SUCCESS\" > \"${SCRIPT_OUTPUT_FILE_0}\"\n";
			showEnvVarsInLog = 0;
		};
/* End PBXShellScriptBuildPhase section */

/* Begin PBXSourcesBuildPhase section */
		3B55686A2D939DB200D18433 /* Sources */ = {
			isa = PBXSourcesBuildPhase;
			buildActionMask = 2147483647;
			files = (
			);
			runOnlyForDeploymentPostprocessing = 0;
		};
		3B55687A2D939DB500D18433 /* Sources */ = {
			isa = PBXSourcesBuildPhase;
			buildActionMask = 2147483647;
			files = (
			);
			runOnlyForDeploymentPostprocessing = 0;
		};
		3B5568842D939DB500D18433 /* Sources */ = {
			isa = PBXSourcesBuildPhase;
			buildActionMask = 2147483647;
			files = (
			);
			runOnlyForDeploymentPostprocessing = 0;
		};
/* End PBXSourcesBuildPhase section */

/* Begin PBXTargetDependency section */
		3B5568802D939DB500D18433 /* PBXTargetDependency */ = {
			isa = PBXTargetDependency;
			target = 3B55686D2D939DB200D18433 /* SwiftUI_0325 */;
			targetProxy = 3B55687F2D939DB500D18433 /* PBXContainerItemProxy */;
		};
		3B55688A2D939DB500D18433 /* PBXTargetDependency */ = {
			isa = PBXTargetDependency;
			target = 3B55686D2D939DB200D18433 /* SwiftUI_0325 */;
			targetProxy = 3B5568892D939DB500D18433 /* PBXContainerItemProxy */;
		};
/* End PBXTargetDependency section */

/* Begin XCBuildConfiguration section */
		3B5568902D939DB500D18433 /* Debug */ = {
			isa = XCBuildConfiguration;
			buildSettings = {
				ALWAYS_SEARCH_USER_PATHS = NO;
				ASSETCATALOG_COMPILER_GENERATE_SWIFT_ASSET_SYMBOL_EXTENSIONS = YES;
				CLANG_ANALYZER_NONNULL = YES;
				CLANG_ANALYZER_NUMBER_OBJECT_CONVERSION = YES_AGGRESSIVE;
				CLANG_CXX_LANGUAGE_STANDARD = "gnu++20";
				CLANG_ENABLE_MODULES = YES;
				CLANG_ENABLE_OBJC_ARC = YES;
				CLANG_ENABLE_OBJC_WEAK = YES;
				CLANG_WARN_BLOCK_CAPTURE_AUTORELEASING = YES;
				CLANG_WARN_BOOL_CONVERSION = YES;
				CLANG_WARN_COMMA = YES;
				CLANG_WARN_CONSTANT_CONVERSION = YES;
				CLANG_WARN_DEPRECATED_OBJC_IMPLEMENTATIONS = YES;
				CLANG_WARN_DIRECT_OBJC_ISA_USAGE = YES_ERROR;
				CLANG_WARN_DOCUMENTATION_COMMENTS = YES;
				CLANG_WARN_EMPTY_BODY = YES;
				CLANG_WARN_ENUM_CONVERSION = YES;
				CLANG_WARN_INFINITE_RECURSION = YES;
				CLANG_WARN_INT_CONVERSION = YES;
				CLANG_WARN_NON_LITERAL_NULL_CONVERSION = YES;
				CLANG_WARN_OBJC_IMPLICIT_RETAIN_SELF = YES;
				CLANG_WARN_OBJC_LITERAL_CONVERSION = YES;
				CLANG_WARN_OBJC_ROOT_CLASS = YES_ERROR;
				CLANG_WARN_QUOTED_INCLUDE_IN_FRAMEWORK_HEADER = YES;
				CLANG_WARN_RANGE_LOOP_ANALYSIS = YES;
				CLANG_WARN_STRICT_PROTOTYPES = YES;
				CLANG_WARN_SUSPICIOUS_MOVE = YES;
				CLANG_WARN_UNGUARDED_AVAILABILITY = YES_AGGRESSIVE;
				CLANG_WARN_UNREACHABLE_CODE = YES;
				CLANG_WARN__DUPLICATE_METHOD_MATCH = YES;
				COPY_PHASE_STRIP = NO;
				DEBUG_INFORMATION_FORMAT = dwarf;
				ENABLE_STRICT_OBJC_MSGSEND = YES;
				ENABLE_TESTABILITY = YES;
				ENABLE_USER_SCRIPT_SANDBOXING = YES;
				GCC_C_LANGUAGE_STANDARD = gnu17;
				GCC_DYNAMIC_NO_PIC = NO;
				GCC_NO_COMMON_BLOCKS = YES;
				GCC_OPTIMIZATION_LEVEL = 0;
				GCC_PREPROCESSOR_DEFINITIONS = (
					"DEBUG=1",
					"$(inherited)",
				);
				GCC_WARN_64_TO_32_BIT_CONVERSION = YES;
				GCC_WARN_ABOUT_RETURN_TYPE = YES_ERROR;
				GCC_WARN_UNDECLARED_SELECTOR = YES;
				GCC_WARN_UNINITIALIZED_AUTOS = YES_AGGRESSIVE;
				GCC_WARN_UNUSED_FUNCTION = YES;
				GCC_WARN_UNUSED_VARIABLE = YES;
				IPHONEOS_DEPLOYMENT_TARGET = 18.2;
				LOCALIZATION_PREFERS_STRING_CATALOGS = YES;
				MTL_ENABLE_DEBUG_INFO = INCLUDE_SOURCE;
				MTL_FAST_MATH = YES;
				ONLY_ACTIVE_ARCH = YES;
				SDKROOT = iphoneos;
				SWIFT_ACTIVE_COMPILATION_CONDITIONS = "DEBUG $(inherited)";
				SWIFT_OPTIMIZATION_LEVEL = "-Onone";
			};
			name = Debug;
		};
		3B5568912D939DB500D18433 /* Release */ = {
			isa = XCBuildConfiguration;
			buildSettings = {
				ALWAYS_SEARCH_USER_PATHS = NO;
				ASSETCATALOG_COMPILER_GENERATE_SWIFT_ASSET_SYMBOL_EXTENSIONS = YES;
				CLANG_ANALYZER_NONNULL = YES;
				CLANG_ANALYZER_NUMBER_OBJECT_CONVERSION = YES_AGGRESSIVE;
				CLANG_CXX_LANGUAGE_STANDARD = "gnu++20";
				CLANG_ENABLE_MODULES = YES;
				CLANG_ENABLE_OBJC_ARC = YES;
				CLANG_ENABLE_OBJC_WEAK = YES;
				CLANG_WARN_BLOCK_CAPTURE_AUTORELEASING = YES;
				CLANG_WARN_BOOL_CONVERSION = YES;
				CLANG_WARN_COMMA = YES;
				CLANG_WARN_CONSTANT_CONVERSION = YES;
				CLANG_WARN_DEPRECATED_OBJC_IMPLEMENTATIONS = YES;
				CLANG_WARN_DIRECT_OBJC_ISA_USAGE = YES_ERROR;
				CLANG_WARN_DOCUMENTATION_COMMENTS = YES;
				CLANG_WARN_EMPTY_BODY = YES;
				CLANG_WARN_ENUM_CONVERSION = YES;
				CLANG_WARN_INFINITE_RECURSION = YES;
				CLANG_WARN_INT_CONVERSION = YES;
				CLANG_WARN_NON_LITERAL_NULL_CONVERSION = YES;
				CLANG_WARN_OBJC_IMPLICIT_RETAIN_SELF = YES;
				CLANG_WARN_OBJC_LITERAL_CONVERSION = YES;
				CLANG_WARN_OBJC_ROOT_CLASS = YES_ERROR;
				CLANG_WARN_QUOTED_INCLUDE_IN_FRAMEWORK_HEADER = YES;
				CLANG_WARN_RANGE_LOOP_ANALYSIS = YES;
				CLANG_WARN_STRICT_PROTOTYPES = YES;
				CLANG_WARN_SUSPICIOUS_MOVE = YES;
				CLANG_WARN_UNGUARDED_AVAILABILITY = YES_AGGRESSIVE;
				CLANG_WARN_UNREACHABLE_CODE = YES;
				CLANG_WARN__DUPLICATE_METHOD_MATCH = YES;
				COPY_PHASE_STRIP = NO;
				DEBUG_INFORMATION_FORMAT = "dwarf-with-dsym";
				ENABLE_NS_ASSERTIONS = NO;
				ENABLE_STRICT_OBJC_MSGSEND = YES;
				ENABLE_USER_SCRIPT_SANDBOXING = YES;
				GCC_C_LANGUAGE_STANDARD = gnu17;
				GCC_NO_COMMON_BLOCKS = YES;
				GCC_WARN_64_TO_32_BIT_CONVERSION = YES;
				GCC_WARN_ABOUT_RETURN_TYPE = YES_ERROR;
				GCC_WARN_UNDECLARED_SELECTOR = YES;
				GCC_WARN_UNINITIALIZED_AUTOS = YES_AGGRESSIVE;
				GCC_WARN_UNUSED_FUNCTION = YES;
				GCC_WARN_UNUSED_VARIABLE = YES;
				IPHONEOS_DEPLOYMENT_TARGET = 18.2;
				LOCALIZATION_PREFERS_STRING_CATALOGS = YES;
				MTL_ENABLE_DEBUG_INFO = NO;
				MTL_FAST_MATH = YES;
				SDKROOT = iphoneos;
				SWIFT_COMPILATION_MODE = wholemodule;
				VALIDATE_PRODUCT = YES;
			};
			name = Release;
		};
		3B5568932D939DB500D18433 /* Debug */ = {
			isa = XCBuildConfiguration;
			baseConfigurationReference = 42850BD65BA753D46828432E /* Pods-SwiftUI_0325.debug.xcconfig */;
			buildSettings = {
				ASSETCATALOG_COMPILER_APPICON_NAME = AppIcon;
				ASSETCATALOG_COMPILER_GLOBAL_ACCENT_COLOR_NAME = AccentColor;
				CODE_SIGN_STYLE = Automatic;
				CURRENT_PROJECT_VERSION = 1;
				DEVELOPMENT_ASSET_PATHS = "\"SwiftUI_0325/Preview Content\"";
				ENABLE_PREVIEWS = YES;
				GENERATE_INFOPLIST_FILE = YES;
				INFOPLIST_KEY_UIApplicationSceneManifest_Generation = YES;
				INFOPLIST_KEY_UIApplicationSupportsIndirectInputEvents = YES;
				INFOPLIST_KEY_UILaunchScreen_Generation = YES;
				INFOPLIST_KEY_UISupportedInterfaceOrientations_iPad = "UIInterfaceOrientationPortrait UIInterfaceOrientationPortraitUpsideDown UIInterfaceOrientationLandscapeLeft UIInterfaceOrientationLandscapeRight";
				INFOPLIST_KEY_UISupportedInterfaceOrientations_iPhone = "UIInterfaceOrientationPortrait UIInterfaceOrientationLandscapeLeft UIInterfaceOrientationLandscapeRight";
				LD_RUNPATH_SEARCH_PATHS = (
					"$(inherited)",
					"@executable_path/Frameworks",
				);
				MARKETING_VERSION = 1.0;
				PRODUCT_BUNDLE_IDENTIFIER = "nhnhanit.SwiftUI-0325";
				PRODUCT_NAME = "$(TARGET_NAME)";
				SWIFT_EMIT_LOC_STRINGS = YES;
				SWIFT_VERSION = 5.0;
				TARGETED_DEVICE_FAMILY = "1,2";
			};
			name = Debug;
		};
		3B5568942D939DB500D18433 /* Release */ = {
			isa = XCBuildConfiguration;
			baseConfigurationReference = 566C585446BA7FE9E36CDAB0 /* Pods-SwiftUI_0325.release.xcconfig */;
			buildSettings = {
				ASSETCATALOG_COMPILER_APPICON_NAME = AppIcon;
				ASSETCATALOG_COMPILER_GLOBAL_ACCENT_COLOR_NAME = AccentColor;
				CODE_SIGN_STYLE = Automatic;
				CURRENT_PROJECT_VERSION = 1;
				DEVELOPMENT_ASSET_PATHS = "\"SwiftUI_0325/Preview Content\"";
				ENABLE_PREVIEWS = YES;
				GENERATE_INFOPLIST_FILE = YES;
				INFOPLIST_KEY_UIApplicationSceneManifest_Generation = YES;
				INFOPLIST_KEY_UIApplicationSupportsIndirectInputEvents = YES;
				INFOPLIST_KEY_UILaunchScreen_Generation = YES;
				INFOPLIST_KEY_UISupportedInterfaceOrientations_iPad = "UIInterfaceOrientationPortrait UIInterfaceOrientationPortraitUpsideDown UIInterfaceOrientationLandscapeLeft UIInterfaceOrientationLandscapeRight";
				INFOPLIST_KEY_UISupportedInterfaceOrientations_iPhone = "UIInterfaceOrientationPortrait UIInterfaceOrientationLandscapeLeft UIInterfaceOrientationLandscapeRight";
				LD_RUNPATH_SEARCH_PATHS = (
					"$(inherited)",
					"@executable_path/Frameworks",
				);
				MARKETING_VERSION = 1.0;
				PRODUCT_BUNDLE_IDENTIFIER = "nhnhanit.SwiftUI-0325";
				PRODUCT_NAME = "$(TARGET_NAME)";
				SWIFT_EMIT_LOC_STRINGS = YES;
				SWIFT_VERSION = 5.0;
				TARGETED_DEVICE_FAMILY = "1,2";
			};
			name = Release;
		};
		3B5568962D939DB500D18433 /* Debug */ = {
			isa = XCBuildConfiguration;
			baseConfigurationReference = 7F60C9EDD055474BA1FE565B /* Pods-SwiftUI_0325Tests.debug.xcconfig */;
			buildSettings = {
				BUNDLE_LOADER = "$(TEST_HOST)";
				CODE_SIGN_STYLE = Automatic;
				CURRENT_PROJECT_VERSION = 1;
				GENERATE_INFOPLIST_FILE = YES;
				IPHONEOS_DEPLOYMENT_TARGET = 18.2;
				MARKETING_VERSION = 1.0;
				PRODUCT_BUNDLE_IDENTIFIER = "nhnhanit.SwiftUI-0325Tests";
				PRODUCT_NAME = "$(TARGET_NAME)";
				SWIFT_EMIT_LOC_STRINGS = NO;
				SWIFT_VERSION = 5.0;
				TARGETED_DEVICE_FAMILY = "1,2";
				TEST_HOST = "$(BUILT_PRODUCTS_DIR)/SwiftUI_0325.app/$(BUNDLE_EXECUTABLE_FOLDER_PATH)/SwiftUI_0325";
			};
			name = Debug;
		};
		3B5568972D939DB500D18433 /* Release */ = {
			isa = XCBuildConfiguration;
			baseConfigurationReference = B66D9181C5E8DB9B4126B71B /* Pods-SwiftUI_0325Tests.release.xcconfig */;
			buildSettings = {
				BUNDLE_LOADER = "$(TEST_HOST)";
				CODE_SIGN_STYLE = Automatic;
				CURRENT_PROJECT_VERSION = 1;
				GENERATE_INFOPLIST_FILE = YES;
				IPHONEOS_DEPLOYMENT_TARGET = 18.2;
				MARKETING_VERSION = 1.0;
				PRODUCT_BUNDLE_IDENTIFIER = "nhnhanit.SwiftUI-0325Tests";
				PRODUCT_NAME = "$(TARGET_NAME)";
				SWIFT_EMIT_LOC_STRINGS = NO;
				SWIFT_VERSION = 5.0;
				TARGETED_DEVICE_FAMILY = "1,2";
				TEST_HOST = "$(BUILT_PRODUCTS_DIR)/SwiftUI_0325.app/$(BUNDLE_EXECUTABLE_FOLDER_PATH)/SwiftUI_0325";
			};
			name = Release;
		};
		3B5568992D939DB500D18433 /* Debug */ = {
			isa = XCBuildConfiguration;
			baseConfigurationReference = 159F472FEE54665CC58BB22D /* Pods-SwiftUI_0325-SwiftUI_0325UITests.debug.xcconfig */;
			buildSettings = {
				CODE_SIGN_STYLE = Automatic;
				CURRENT_PROJECT_VERSION = 1;
				GENERATE_INFOPLIST_FILE = YES;
				MARKETING_VERSION = 1.0;
				PRODUCT_BUNDLE_IDENTIFIER = "nhnhanit.SwiftUI-0325UITests";
				PRODUCT_NAME = "$(TARGET_NAME)";
				SWIFT_EMIT_LOC_STRINGS = NO;
				SWIFT_VERSION = 5.0;
				TARGETED_DEVICE_FAMILY = "1,2";
				TEST_TARGET_NAME = SwiftUI_0325;
			};
			name = Debug;
		};
		3B55689A2D939DB500D18433 /* Release */ = {
			isa = XCBuildConfiguration;
			baseConfigurationReference = 3E1A68C246D1561B29095109 /* Pods-SwiftUI_0325-SwiftUI_0325UITests.release.xcconfig */;
			buildSettings = {
				CODE_SIGN_STYLE = Automatic;
				CURRENT_PROJECT_VERSION = 1;
				GENERATE_INFOPLIST_FILE = YES;
				MARKETING_VERSION = 1.0;
				PRODUCT_BUNDLE_IDENTIFIER = "nhnhanit.SwiftUI-0325UITests";
				PRODUCT_NAME = "$(TARGET_NAME)";
				SWIFT_EMIT_LOC_STRINGS = NO;
				SWIFT_VERSION = 5.0;
				TARGETED_DEVICE_FAMILY = "1,2";
				TEST_TARGET_NAME = SwiftUI_0325;
			};
			name = Release;
		};
/* End XCBuildConfiguration section */

/* Begin XCConfigurationList section */
		3B5568692D939DB200D18433 /* Build configuration list for PBXProject "SwiftUI_0325" */ = {
			isa = XCConfigurationList;
			buildConfigurations = (
				3B5568902D939DB500D18433 /* Debug */,
				3B5568912D939DB500D18433 /* Release */,
			);
			defaultConfigurationIsVisible = 0;
			defaultConfigurationName = Release;
		};
		3B5568922D939DB500D18433 /* Build configuration list for PBXNativeTarget "SwiftUI_0325" */ = {
			isa = XCConfigurationList;
			buildConfigurations = (
				3B5568932D939DB500D18433 /* Debug */,
				3B5568942D939DB500D18433 /* Release */,
			);
			defaultConfigurationIsVisible = 0;
			defaultConfigurationName = Release;
		};
		3B5568952D939DB500D18433 /* Build configuration list for PBXNativeTarget "SwiftUI_0325Tests" */ = {
			isa = XCConfigurationList;
			buildConfigurations = (
				3B5568962D939DB500D18433 /* Debug */,
				3B5568972D939DB500D18433 /* Release */,
			);
			defaultConfigurationIsVisible = 0;
			defaultConfigurationName = Release;
		};
		3B5568982D939DB500D18433 /* Build configuration list for PBXNativeTarget "SwiftUI_0325UITests" */ = {
			isa = XCConfigurationList;
			buildConfigurations = (
				3B5568992D939DB500D18433 /* Debug */,
				3B55689A2D939DB500D18433 /* Release */,
			);
			defaultConfigurationIsVisible = 0;
			defaultConfigurationName = Release;
		};
/* End XCConfigurationList section */

/* Begin XCRemoteSwiftPackageReference section */
		3B1418352DB778E7006D41FE /* XCRemoteSwiftPackageReference "realm-swift" */ = {
			isa = XCRemoteSwiftPackageReference;
			repositoryURL = "https://github.com/realm/realm-swift.git";
			requirement = {
				branch = master;
				kind = branch;
			};
		};
/* End XCRemoteSwiftPackageReference section */

/* Begin XCSwiftPackageProductDependency section */
		3B0684A42DB9D8FF00F703A6 /* RealmSwift */ = {
			isa = XCSwiftPackageProductDependency;
			package = 3B1418352DB778E7006D41FE /* XCRemoteSwiftPackageReference "realm-swift" */;
			productName = RealmSwift;
		};
		3B1418362DB778E7006D41FE /* RealmSwift */ = {
			isa = XCSwiftPackageProductDependency;
			package = 3B1418352DB778E7006D41FE /* XCRemoteSwiftPackageReference "realm-swift" */;
			productName = RealmSwift;
		};
		3B141A1A2DB8A30A006D41FE /* RealmSwift */ = {
			isa = XCSwiftPackageProductDependency;
			package = 3B1418352DB778E7006D41FE /* XCRemoteSwiftPackageReference "realm-swift" */;
			productName = RealmSwift;
		};
/* End XCSwiftPackageProductDependency section */
	};
	rootObject = 3B5568662D939DB200D18433 /* Project object */;
}
